{
  "name": "@tikket4real/common",
  "version": "1.0.0",
  "lockfileVersion": 3,
  "requires": true,
  "packages": {
    "": {
      "name": "@tikket4real/common",
      "version": "1.0.0",
      "license": "ISC",
      "dependencies": {
        "@tikket4real/common": "file:",
        "common": "file:",
        "tikket4real": "file:"
      }
    },
    "node_modules/@tikket4real/common": {
      "resolved": "",
      "link": true
    },
    "node_modules/common": {
      "resolved": "",
      "link": true
    },
    "node_modules/tikket4real": {
      "resolved": "",
      "link": true
    }
  }
}
